
Microsoft Visual Studio Solution File, Format Version 12.00
Project("{FAE04EC0-301F-11D3-BF4B-00C04F79EFBC}") = "AdvertisingPlatformsSystem.Infrastucture", "AdvertisingPlatformsSystem.Infrastucture\AdvertisingPlatformsSystem.Infrastucture.csproj", "{0C09870D-56E5-46BF-A771-48BFB9BEA056}"
EndProject
Project("{FAE04EC0-301F-11D3-BF4B-00C04F79EFBC}") = "AdvertisingPlatformsSystem.Application", "AdvertisingPlatformsSystem.Application\AdvertisingPlatformsSystem.Application.csproj", "{A9C4BADC-B7EB-4F5F-A464-46EE6136D96D}"
EndProject
Project("{FAE04EC0-301F-11D3-BF4B-00C04F79EFBC}") = "AdvertisingPlatformsSystem.Domain", "AdvertisingPlatformsSystem.Domain\AdvertisingPlatformsSystem.Domain.csproj", "{FFE2AEDF-FD1A-42D1-B66E-A5009883B062}"
EndProject
Global
	GlobalSection(SolutionConfigurationPlatforms) = preSolution
		Debug|Any CPU = Debug|Any CPU
		Release|Any CPU = Release|Any CPU
	EndGlobalSection
	GlobalSection(ProjectConfigurationPlatforms) = postSolution
		{0C09870D-56E5-46BF-A771-48BFB9BEA056}.Debug|Any CPU.ActiveCfg = Debug|Any CPU
		{0C09870D-56E5-46BF-A771-48BFB9BEA056}.Debug|Any CPU.Build.0 = Debug|Any CPU
		{0C09870D-56E5-46BF-A771-48BFB9BEA056}.Release|Any CPU.ActiveCfg = Release|Any CPU
		{0C09870D-56E5-46BF-A771-48BFB9BEA056}.Release|Any CPU.Build.0 = Release|Any CPU
		{A9C4BADC-B7EB-4F5F-A464-46EE6136D96D}.Debug|Any CPU.ActiveCfg = Debug|Any CPU
		{A9C4BADC-B7EB-4F5F-A464-46EE6136D96D}.Debug|Any CPU.Build.0 = Debug|Any CPU
		{A9C4BADC-B7EB-4F5F-A464-46EE6136D96D}.Release|Any CPU.ActiveCfg = Release|Any CPU
		{A9C4BADC-B7EB-4F5F-A464-46EE6136D96D}.Release|Any CPU.Build.0 = Release|Any CPU
		{FFE2AEDF-FD1A-42D1-B66E-A5009883B062}.Debug|Any CPU.ActiveCfg = Debug|Any CPU
		{FFE2AEDF-FD1A-42D1-B66E-A5009883B062}.Debug|Any CPU.Build.0 = Debug|Any CPU
		{FFE2AEDF-FD1A-42D1-B66E-A5009883B062}.Release|Any CPU.ActiveCfg = Release|Any CPU
		{FFE2AEDF-FD1A-42D1-B66E-A5009883B062}.Release|Any CPU.Build.0 = Release|Any CPU
	EndGlobalSection
EndGlobal
